{"filter":false,"title":"package-lock.json","tooltip":"/cms/package-lock.json","ace":{"folds":[],"scrolltop":965.5,"scrollleft":0,"selection":{"start":{"row":8,"column":40},"end":{"row":8,"column":40},"isBackwards":false},"options":{"guessTabSize":true,"useWrapMode":false,"wrapToView":true},"firstLineState":0},"hash":"02eb48ed8a91df59f8e5e9118407d606749e30fe","undoManager":{"mark":-1,"position":-1,"stack":[]},"timestamp":1565819679926}